
Microsoft Visual Studio Solution File, Format Version 12.00
# Visual Studio Version 17
VisualStudioVersion = 17.11.35222.181
MinimumVisualStudioVersion = 10.0.40219.1
Project("{FAE04EC0-301F-11D3-BF4B-00C04F79EFBC}") = "Add_Selectors", "Add_Selectors.csproj", "{70D35A03-806E-40E8-9D83-C86830D0667C}"
EndProject
Global
	GlobalSection(SolutionConfigurationPlatforms) = preSolution
		Debug|Any CPU = Debug|Any CPU
		Release|Any CPU = Release|Any CPU
	EndGlobalSection
	GlobalSection(ProjectConfigurationPlatforms) = postSolution
		{70D35A03-806E-40E8-9D83-C86830D0667C}.Debug|Any CPU.ActiveCfg = Debug|Any CPU
		{70D35A03-806E-40E8-9D83-C86830D0667C}.Debug|Any CPU.Build.0 = Debug|Any CPU
		{70D35A03-806E-40E8-9D83-C86830D0667C}.Release|Any CPU.ActiveCfg = Release|Any CPU
		{70D35A03-806E-40E8-9D83-C86830D0667C}.Release|Any CPU.Build.0 = Release|Any CPU
	EndGlobalSection
	GlobalSection(SolutionProperties) = preSolution
		HideSolutionNode = FALSE
	EndGlobalSection
	GlobalSection(ExtensibilityGlobals) = postSolution
		SolutionGuid = {4E7370A1-4285-4408-AC26-6226F3EEB9BA}
	EndGlobalSection
EndGlobal
